
Microsoft Visual Studio Solution File, Format Version 12.00
# Visual Studio Version 16
VisualStudioVersion = 16.0.30523.141
MinimumVisualStudioVersion = 10.0.40219.1
Project("{FAE04EC0-301F-11D3-BF4B-00C04F79EFBC}") = "ChatWS", "ChatWS\ChatWS.csproj", "{924E7B31-A8AF-44EE-AEC3-53E8AB47C7F6}"
EndProject
Project("{FAE04EC0-301F-11D3-BF4B-00C04F79EFBC}") = "ChatWeb", "ChatWeb\ChatWeb.csproj", "{01FE559D-0F11-4D4F-AB16-60AE27CB7EE3}"
EndProject
Project("{FAE04EC0-301F-11D3-BF4B-00C04F79EFBC}") = "ChatDesktop", "ChatDesktop\ChatDesktop.csproj", "{F6595CC9-2411-4A69-A039-93E357AC9A79}"
EndProject
Project("{FAE04EC0-301F-11D3-BF4B-00C04F79EFBC}") = "UtilitiesChat", "UtilitiesChat\UtilitiesChat.csproj", "{D9A405FC-7C82-4C45-A0D9-7DA5F8434FF7}"
EndProject
Global
	GlobalSection(SolutionConfigurationPlatforms) = preSolution
		Debug|Any CPU = Debug|Any CPU
		Release|Any CPU = Release|Any CPU
	EndGlobalSection
	GlobalSection(ProjectConfigurationPlatforms) = postSolution
		{924E7B31-A8AF-44EE-AEC3-53E8AB47C7F6}.Debug|Any CPU.ActiveCfg = Debug|Any CPU
		{924E7B31-A8AF-44EE-AEC3-53E8AB47C7F6}.Debug|Any CPU.Build.0 = Debug|Any CPU
		{924E7B31-A8AF-44EE-AEC3-53E8AB47C7F6}.Release|Any CPU.ActiveCfg = Release|Any CPU
		{924E7B31-A8AF-44EE-AEC3-53E8AB47C7F6}.Release|Any CPU.Build.0 = Release|Any CPU
		{01FE559D-0F11-4D4F-AB16-60AE27CB7EE3}.Debug|Any CPU.ActiveCfg = Debug|Any CPU
		{01FE559D-0F11-4D4F-AB16-60AE27CB7EE3}.Debug|Any CPU.Build.0 = Debug|Any CPU
		{01FE559D-0F11-4D4F-AB16-60AE27CB7EE3}.Release|Any CPU.ActiveCfg = Release|Any CPU
		{01FE559D-0F11-4D4F-AB16-60AE27CB7EE3}.Release|Any CPU.Build.0 = Release|Any CPU
		{F6595CC9-2411-4A69-A039-93E357AC9A79}.Debug|Any CPU.ActiveCfg = Debug|Any CPU
		{F6595CC9-2411-4A69-A039-93E357AC9A79}.Debug|Any CPU.Build.0 = Debug|Any CPU
		{F6595CC9-2411-4A69-A039-93E357AC9A79}.Release|Any CPU.ActiveCfg = Release|Any CPU
		{F6595CC9-2411-4A69-A039-93E357AC9A79}.Release|Any CPU.Build.0 = Release|Any CPU
		{D9A405FC-7C82-4C45-A0D9-7DA5F8434FF7}.Debug|Any CPU.ActiveCfg = Debug|Any CPU
		{D9A405FC-7C82-4C45-A0D9-7DA5F8434FF7}.Debug|Any CPU.Build.0 = Debug|Any CPU
		{D9A405FC-7C82-4C45-A0D9-7DA5F8434FF7}.Release|Any CPU.ActiveCfg = Release|Any CPU
		{D9A405FC-7C82-4C45-A0D9-7DA5F8434FF7}.Release|Any CPU.Build.0 = Release|Any CPU
	EndGlobalSection
	GlobalSection(SolutionProperties) = preSolution
		HideSolutionNode = FALSE
	EndGlobalSection
	GlobalSection(ExtensibilityGlobals) = postSolution
		SolutionGuid = {73DA1A7D-69AA-40D5-A756-C1E15E9CE335}
	EndGlobalSection
EndGlobal
